
Microsoft Visual Studio Solution File, Format Version 12.00
# Visual Studio 15
Project("{FAE04EC0-301F-11D3-BF4B-00C04F79EFBC}") = "LocationSample.Android", "LocationSample.Android\LocationSample.Android.csproj", "{3564240B-0FE0-416C-BBE8-4D3042AB137A}"
EndProject
Project("{FAE04EC0-301F-11D3-BF4B-00C04F79EFBC}") = "LocationSample.iOS", "LocationSample.iOS\LocationSample.iOS.csproj", "{10820997-0215-4867-814B-B258AD4E15A6}"
EndProject
Project("{FAE04EC0-301F-11D3-BF4B-00C04F79EFBC}") = "LocationSample", "LocationSample\LocationSample.csproj", "{9F7E8F25-4891-4869-A15C-3B8DE704B01A}"
EndProject
Global
	GlobalSection(SolutionConfigurationPlatforms) = preSolution
		Debug|Any CPU = Debug|Any CPU
		Release|Any CPU = Release|Any CPU
		Debug|iPhoneSimulator = Debug|iPhoneSimulator
		Release|iPhoneSimulator = Release|iPhoneSimulator
		Debug|iPhone = Debug|iPhone
		Release|iPhone = Release|iPhone
	EndGlobalSection
	GlobalSection(ProjectConfigurationPlatforms) = postSolution
		{3564240B-0FE0-416C-BBE8-4D3042AB137A}.Debug|Any CPU.ActiveCfg = Debug|Any CPU
		{3564240B-0FE0-416C-BBE8-4D3042AB137A}.Debug|Any CPU.Build.0 = Debug|Any CPU
		{3564240B-0FE0-416C-BBE8-4D3042AB137A}.Release|Any CPU.ActiveCfg = Release|Any CPU
		{3564240B-0FE0-416C-BBE8-4D3042AB137A}.Release|Any CPU.Build.0 = Release|Any CPU
		{3564240B-0FE0-416C-BBE8-4D3042AB137A}.Debug|iPhoneSimulator.ActiveCfg = Debug|Any CPU
		{3564240B-0FE0-416C-BBE8-4D3042AB137A}.Debug|iPhoneSimulator.Build.0 = Debug|Any CPU
		{3564240B-0FE0-416C-BBE8-4D3042AB137A}.Release|iPhoneSimulator.ActiveCfg = Release|Any CPU
		{3564240B-0FE0-416C-BBE8-4D3042AB137A}.Release|iPhoneSimulator.Build.0 = Release|Any CPU
		{3564240B-0FE0-416C-BBE8-4D3042AB137A}.Debug|iPhone.ActiveCfg = Debug|Any CPU
		{3564240B-0FE0-416C-BBE8-4D3042AB137A}.Debug|iPhone.Build.0 = Debug|Any CPU
		{3564240B-0FE0-416C-BBE8-4D3042AB137A}.Release|iPhone.ActiveCfg = Release|Any CPU
		{3564240B-0FE0-416C-BBE8-4D3042AB137A}.Release|iPhone.Build.0 = Release|Any CPU
		{10820997-0215-4867-814B-B258AD4E15A6}.Debug|Any CPU.ActiveCfg = Debug|iPhoneSimulator
		{10820997-0215-4867-814B-B258AD4E15A6}.Debug|Any CPU.Build.0 = Debug|iPhoneSimulator
		{10820997-0215-4867-814B-B258AD4E15A6}.Release|Any CPU.ActiveCfg = Release|iPhoneSimulator
		{10820997-0215-4867-814B-B258AD4E15A6}.Release|Any CPU.Build.0 = Release|iPhoneSimulator
		{10820997-0215-4867-814B-B258AD4E15A6}.Debug|iPhoneSimulator.ActiveCfg = Debug|iPhoneSimulator
		{10820997-0215-4867-814B-B258AD4E15A6}.Debug|iPhoneSimulator.Build.0 = Debug|iPhoneSimulator
		{10820997-0215-4867-814B-B258AD4E15A6}.Release|iPhoneSimulator.ActiveCfg = Release|iPhoneSimulator
		{10820997-0215-4867-814B-B258AD4E15A6}.Release|iPhoneSimulator.Build.0 = Release|iPhoneSimulator
		{10820997-0215-4867-814B-B258AD4E15A6}.Debug|iPhone.ActiveCfg = Debug|iPhone
		{10820997-0215-4867-814B-B258AD4E15A6}.Debug|iPhone.Build.0 = Debug|iPhone
		{10820997-0215-4867-814B-B258AD4E15A6}.Release|iPhone.ActiveCfg = Release|iPhone
		{10820997-0215-4867-814B-B258AD4E15A6}.Release|iPhone.Build.0 = Release|iPhone
		{9F7E8F25-4891-4869-A15C-3B8DE704B01A}.Debug|Any CPU.ActiveCfg = Debug|Any CPU
		{9F7E8F25-4891-4869-A15C-3B8DE704B01A}.Debug|Any CPU.Build.0 = Debug|Any CPU
		{9F7E8F25-4891-4869-A15C-3B8DE704B01A}.Release|Any CPU.ActiveCfg = Release|Any CPU
		{9F7E8F25-4891-4869-A15C-3B8DE704B01A}.Release|Any CPU.Build.0 = Release|Any CPU
		{9F7E8F25-4891-4869-A15C-3B8DE704B01A}.Debug|iPhoneSimulator.ActiveCfg = Debug|Any CPU
		{9F7E8F25-4891-4869-A15C-3B8DE704B01A}.Debug|iPhoneSimulator.Build.0 = Debug|Any CPU
		{9F7E8F25-4891-4869-A15C-3B8DE704B01A}.Release|iPhoneSimulator.ActiveCfg = Release|Any CPU
		{9F7E8F25-4891-4869-A15C-3B8DE704B01A}.Release|iPhoneSimulator.Build.0 = Release|Any CPU
		{9F7E8F25-4891-4869-A15C-3B8DE704B01A}.Debug|iPhone.ActiveCfg = Debug|Any CPU
		{9F7E8F25-4891-4869-A15C-3B8DE704B01A}.Debug|iPhone.Build.0 = Debug|Any CPU
		{9F7E8F25-4891-4869-A15C-3B8DE704B01A}.Release|iPhone.ActiveCfg = Release|Any CPU
		{9F7E8F25-4891-4869-A15C-3B8DE704B01A}.Release|iPhone.Build.0 = Release|Any CPU
	EndGlobalSection
EndGlobal
